
Microsoft Visual Studio Solution File, Format Version 12.00
# Visual Studio 2012
Project("{FAE04EC0-301F-11D3-BF4B-00C04F79EFBC}") = "Figure", "..\Figure\Figure.csproj", "{5398FD97-CB2E-49B9-816C-D4056003B468}"
EndProject
Project("{FAE04EC0-301F-11D3-BF4B-00C04F79EFBC}") = "View", "View\View.csproj", "{9F971873-E3D3-4FF0-88FC-5076051756DC}"
EndProject
Global
	GlobalSection(SolutionConfigurationPlatforms) = preSolution
		Debug|Any CPU = Debug|Any CPU
		Release|Any CPU = Release|Any CPU
	EndGlobalSection
	GlobalSection(ProjectConfigurationPlatforms) = postSolution
		{5398FD97-CB2E-49B9-816C-D4056003B468}.Debug|Any CPU.ActiveCfg = Debug|Any CPU
		{5398FD97-CB2E-49B9-816C-D4056003B468}.Debug|Any CPU.Build.0 = Debug|Any CPU
		{5398FD97-CB2E-49B9-816C-D4056003B468}.Release|Any CPU.ActiveCfg = Release|Any CPU
		{5398FD97-CB2E-49B9-816C-D4056003B468}.Release|Any CPU.Build.0 = Release|Any CPU
		{9F971873-E3D3-4FF0-88FC-5076051756DC}.Debug|Any CPU.ActiveCfg = Debug|Any CPU
		{9F971873-E3D3-4FF0-88FC-5076051756DC}.Debug|Any CPU.Build.0 = Debug|Any CPU
		{9F971873-E3D3-4FF0-88FC-5076051756DC}.Release|Any CPU.ActiveCfg = Release|Any CPU
		{9F971873-E3D3-4FF0-88FC-5076051756DC}.Release|Any CPU.Build.0 = Release|Any CPU
	EndGlobalSection
	GlobalSection(SolutionProperties) = preSolution
		HideSolutionNode = FALSE
	EndGlobalSection
EndGlobal
